
Microsoft Visual Studio Solution File, Format Version 12.00
# Visual Studio 15
Project("{FAE04EC0-301F-11D3-BF4B-00C04F79EFBC}") = "Assembly-CSharp", "Assembly-CSharp.csproj", "{B861E8E3-59F5-3463-FEBE-4440EA8682E9}"
EndProject
Project("{FAE04EC0-301F-11D3-BF4B-00C04F79EFBC}") = "Assembly-CSharp-Editor", "Assembly-CSharp-Editor.csproj", "{6C892064-337B-D8A3-1B86-7C6ADA02BABB}"
EndProject
Global
	GlobalSection(SolutionConfigurationPlatforms) = preSolution
		Debug|Any CPU = Debug|Any CPU
		Release|Any CPU = Release|Any CPU
	EndGlobalSection
	GlobalSection(ProjectConfigurationPlatforms) = postSolution
		{B861E8E3-59F5-3463-FEBE-4440EA8682E9}.Debug|Any CPU.ActiveCfg = Debug|Any CPU
		{B861E8E3-59F5-3463-FEBE-4440EA8682E9}.Debug|Any CPU.Build.0 = Debug|Any CPU
		{B861E8E3-59F5-3463-FEBE-4440EA8682E9}.Release|Any CPU.ActiveCfg = Release|Any CPU
		{B861E8E3-59F5-3463-FEBE-4440EA8682E9}.Release|Any CPU.Build.0 = Release|Any CPU
		{6C892064-337B-D8A3-1B86-7C6ADA02BABB}.Debug|Any CPU.ActiveCfg = Debug|Any CPU
		{6C892064-337B-D8A3-1B86-7C6ADA02BABB}.Debug|Any CPU.Build.0 = Debug|Any CPU
		{6C892064-337B-D8A3-1B86-7C6ADA02BABB}.Release|Any CPU.ActiveCfg = Release|Any CPU
		{6C892064-337B-D8A3-1B86-7C6ADA02BABB}.Release|Any CPU.Build.0 = Release|Any CPU
	EndGlobalSection
	GlobalSection(SolutionProperties) = preSolution
		HideSolutionNode = FALSE
	EndGlobalSection
EndGlobal
